
Microsoft Visual Studio Solution File, Format Version 12.00
# Visual Studio 15
VisualStudioVersion = 15.0.27703.2035
MinimumVisualStudioVersion = 10.0.40219.1
Project("{FAE04EC0-301F-11D3-BF4B-00C04F79EFBC}") = "FaceFinder", "FaceFinder\FaceFinder.csproj", "{81A17976-4BD3-48CC-9A59-2363321DA3BF}"
EndProject
Global
	GlobalSection(SolutionConfigurationPlatforms) = preSolution
		Debug|Any CPU = Debug|Any CPU
		Release|Any CPU = Release|Any CPU
	EndGlobalSection
	GlobalSection(ProjectConfigurationPlatforms) = postSolution
		{81A17976-4BD3-48CC-9A59-2363321DA3BF}.Debug|Any CPU.ActiveCfg = Debug|Any CPU
		{81A17976-4BD3-48CC-9A59-2363321DA3BF}.Debug|Any CPU.Build.0 = Debug|Any CPU
		{81A17976-4BD3-48CC-9A59-2363321DA3BF}.Release|Any CPU.ActiveCfg = Release|Any CPU
		{81A17976-4BD3-48CC-9A59-2363321DA3BF}.Release|Any CPU.Build.0 = Release|Any CPU
	EndGlobalSection
	GlobalSection(SolutionProperties) = preSolution
		HideSolutionNode = FALSE
	EndGlobalSection
	GlobalSection(ExtensibilityGlobals) = postSolution
		SolutionGuid = {DBC21781-7307-476D-A257-26CC43F285B8}
	EndGlobalSection
EndGlobal
